
Microsoft Visual Studio Solution File, Format Version 12.00
# Visual Studio 15
Project("{FAE04EC0-301F-11D3-BF4B-00C04F79EFBC}") = "Assembly-CSharp", "Assembly-CSharp.csproj", "{524CEF4F-F9FF-C96C-6E27-879D820B4A07}"
EndProject
Project("{FAE04EC0-301F-11D3-BF4B-00C04F79EFBC}") = "Substance.EditorHelper", "Substance.EditorHelper.csproj", "{1D6496D1-33BC-1D0B-C7A9-922F9E561CF8}"
EndProject
Project("{FAE04EC0-301F-11D3-BF4B-00C04F79EFBC}") = "Substance.Platform", "Substance.Platform.csproj", "{E3B87C73-3827-455C-0763-7A6F0D3C1ACC}"
EndProject
Global
	GlobalSection(SolutionConfigurationPlatforms) = preSolution
		Debug|Any CPU = Debug|Any CPU
		Release|Any CPU = Release|Any CPU
	EndGlobalSection
	GlobalSection(ProjectConfigurationPlatforms) = postSolution
		{524CEF4F-F9FF-C96C-6E27-879D820B4A07}.Debug|Any CPU.ActiveCfg = Debug|Any CPU
		{524CEF4F-F9FF-C96C-6E27-879D820B4A07}.Debug|Any CPU.Build.0 = Debug|Any CPU
		{524CEF4F-F9FF-C96C-6E27-879D820B4A07}.Release|Any CPU.ActiveCfg = Release|Any CPU
		{524CEF4F-F9FF-C96C-6E27-879D820B4A07}.Release|Any CPU.Build.0 = Release|Any CPU
		{1D6496D1-33BC-1D0B-C7A9-922F9E561CF8}.Debug|Any CPU.ActiveCfg = Debug|Any CPU
		{1D6496D1-33BC-1D0B-C7A9-922F9E561CF8}.Debug|Any CPU.Build.0 = Debug|Any CPU
		{1D6496D1-33BC-1D0B-C7A9-922F9E561CF8}.Release|Any CPU.ActiveCfg = Release|Any CPU
		{1D6496D1-33BC-1D0B-C7A9-922F9E561CF8}.Release|Any CPU.Build.0 = Release|Any CPU
		{E3B87C73-3827-455C-0763-7A6F0D3C1ACC}.Debug|Any CPU.ActiveCfg = Debug|Any CPU
		{E3B87C73-3827-455C-0763-7A6F0D3C1ACC}.Debug|Any CPU.Build.0 = Debug|Any CPU
		{E3B87C73-3827-455C-0763-7A6F0D3C1ACC}.Release|Any CPU.ActiveCfg = Release|Any CPU
		{E3B87C73-3827-455C-0763-7A6F0D3C1ACC}.Release|Any CPU.Build.0 = Release|Any CPU
	EndGlobalSection
	GlobalSection(SolutionProperties) = preSolution
		HideSolutionNode = FALSE
	EndGlobalSection
EndGlobal
